
Microsoft Visual Studio Solution File, Format Version 12.00
Project("{FAE04EC0-301F-11D3-BF4B-00C04F79EFBC}") = "Typeahead.WebApi.IntTests", "Typeahead.WebApi.IntTests\Typeahead.WebApi.IntTests.csproj", "{45177C31-CF6A-4158-86ED-E1851CD75892}"
EndProject
Project("{FAE04EC0-301F-11D3-BF4B-00C04F79EFBC}") = "Typeahead.WebApi", "Typeahead.WebApi\Typeahead.WebApi.csproj", "{6F6548A1-34FD-4DD1-B876-D0FA5CB864C7}"
EndProject
Global
	GlobalSection(SolutionConfigurationPlatforms) = preSolution
		Debug|Any CPU = Debug|Any CPU
		Release|Any CPU = Release|Any CPU
	EndGlobalSection
	GlobalSection(ProjectConfigurationPlatforms) = postSolution
		{45177C31-CF6A-4158-86ED-E1851CD75892}.Debug|Any CPU.ActiveCfg = Debug|Any CPU
		{45177C31-CF6A-4158-86ED-E1851CD75892}.Debug|Any CPU.Build.0 = Debug|Any CPU
		{45177C31-CF6A-4158-86ED-E1851CD75892}.Release|Any CPU.ActiveCfg = Release|Any CPU
		{45177C31-CF6A-4158-86ED-E1851CD75892}.Release|Any CPU.Build.0 = Release|Any CPU
		{6F6548A1-34FD-4DD1-B876-D0FA5CB864C7}.Debug|Any CPU.ActiveCfg = Debug|Any CPU
		{6F6548A1-34FD-4DD1-B876-D0FA5CB864C7}.Debug|Any CPU.Build.0 = Debug|Any CPU
		{6F6548A1-34FD-4DD1-B876-D0FA5CB864C7}.Release|Any CPU.ActiveCfg = Release|Any CPU
		{6F6548A1-34FD-4DD1-B876-D0FA5CB864C7}.Release|Any CPU.Build.0 = Release|Any CPU
	EndGlobalSection
EndGlobal
